{
  "requires": true,
  "lockfileVersion": 1,
  "dependencies": {
    "magic-grid": {
      "version": "3.2.4",
      "resolved": "https://registry.npmjs.org/magic-grid/-/magic-grid-3.2.4.tgz",
      "integrity": "sha512-zdV8b4q3YpmWZKLcbbfKisxAWlYF9S2dguCi3LR9pq59yq2pl140td4ViwDqYkZGZ6TP+B7YaExaVE3YNqN7/g=="
    }
  }
}
